
Microsoft Visual Studio Solution File, Format Version 12.00
# Visual Studio Version 16
VisualStudioVersion = 16.0.31729.503
MinimumVisualStudioVersion = 10.0.40219.1
Project("{FAE04EC0-301F-11D3-BF4B-00C04F79EFBC}") = "VideoEditor", "VideoEditor.csproj", "{358C1B23-31D4-42E4-89E8-7A7F7660CCC8}"
EndProject
Global
	GlobalSection(SolutionConfigurationPlatforms) = preSolution
		Debug|Any CPU = Debug|Any CPU
		Release|Any CPU = Release|Any CPU
	EndGlobalSection
	GlobalSection(ProjectConfigurationPlatforms) = postSolution
		{358C1B23-31D4-42E4-89E8-7A7F7660CCC8}.Debug|Any CPU.ActiveCfg = Debug|Any CPU
		{358C1B23-31D4-42E4-89E8-7A7F7660CCC8}.Debug|Any CPU.Build.0 = Debug|Any CPU
		{358C1B23-31D4-42E4-89E8-7A7F7660CCC8}.Release|Any CPU.ActiveCfg = Release|Any CPU
		{358C1B23-31D4-42E4-89E8-7A7F7660CCC8}.Release|Any CPU.Build.0 = Release|Any CPU
	EndGlobalSection
	GlobalSection(SolutionProperties) = preSolution
		HideSolutionNode = FALSE
	EndGlobalSection
	GlobalSection(ExtensibilityGlobals) = postSolution
		SolutionGuid = {4FABA370-963D-4FE3-97AF-26E0710EB2F3}
	EndGlobalSection
EndGlobal
